
Microsoft Visual Studio Solution File, Format Version 12.00
# Visual Studio Version 16
VisualStudioVersion = 16.0.29905.134
MinimumVisualStudioVersion = 10.0.40219.1
Project("{9A19103F-16F7-4668-BE54-9A1E7A4F7556}") = "Fishman", "Fishman.csproj", "{5FE69CF8-4555-4DC7-97BF-261B165BECF2}"
EndProject
Project("{FAE04EC0-301F-11D3-BF4B-00C04F79EFBC}") = "FishmanTests", "..\FishmanTests\FishmanTests.csproj", "{652F0B82-1557-425A-81BA-CC8CA10FAEE7}"
EndProject
Global
	GlobalSection(SolutionConfigurationPlatforms) = preSolution
		Debug|Any CPU = Debug|Any CPU
		Release|Any CPU = Release|Any CPU
	EndGlobalSection
	GlobalSection(ProjectConfigurationPlatforms) = postSolution
		{5FE69CF8-4555-4DC7-97BF-261B165BECF2}.Debug|Any CPU.ActiveCfg = Debug|Any CPU
		{5FE69CF8-4555-4DC7-97BF-261B165BECF2}.Debug|Any CPU.Build.0 = Debug|Any CPU
		{5FE69CF8-4555-4DC7-97BF-261B165BECF2}.Release|Any CPU.ActiveCfg = Release|Any CPU
		{5FE69CF8-4555-4DC7-97BF-261B165BECF2}.Release|Any CPU.Build.0 = Release|Any CPU
		{652F0B82-1557-425A-81BA-CC8CA10FAEE7}.Debug|Any CPU.ActiveCfg = Debug|Any CPU
		{652F0B82-1557-425A-81BA-CC8CA10FAEE7}.Debug|Any CPU.Build.0 = Debug|Any CPU
		{652F0B82-1557-425A-81BA-CC8CA10FAEE7}.Release|Any CPU.ActiveCfg = Release|Any CPU
		{652F0B82-1557-425A-81BA-CC8CA10FAEE7}.Release|Any CPU.Build.0 = Release|Any CPU
	EndGlobalSection
	GlobalSection(SolutionProperties) = preSolution
		HideSolutionNode = FALSE
	EndGlobalSection
	GlobalSection(ExtensibilityGlobals) = postSolution
		SolutionGuid = {AA83EB2C-92B9-4847-8472-DE07C77B7946}
	EndGlobalSection
EndGlobal
